
Microsoft Visual Studio Solution File, Format Version 12.00
# Visual Studio 15
Project("{FAE04EC0-301F-11D3-BF4B-00C04F79EFBC}") = "XFComponentsSample.Android", "XFComponentsSample.Android\XFComponentsSample.Android.csproj", "{8CE38590-9570-453A-8545-450FF9484847}"
EndProject
Project("{FAE04EC0-301F-11D3-BF4B-00C04F79EFBC}") = "XFComponentsSample.iOS", "XFComponentsSample.iOS\XFComponentsSample.iOS.csproj", "{F87CE2EF-79F2-4770-9D78-6003CF4990B3}"
EndProject
Project("{FAE04EC0-301F-11D3-BF4B-00C04F79EFBC}") = "XFComponentsSample", "XFComponentsSample\XFComponentsSample.csproj", "{76E47F7E-7A33-48CB-8BCC-E337D0A96487}"
EndProject
Global
	GlobalSection(SolutionConfigurationPlatforms) = preSolution
		Debug|Any CPU = Debug|Any CPU
		Release|Any CPU = Release|Any CPU
		Debug|iPhoneSimulator = Debug|iPhoneSimulator
		Release|iPhoneSimulator = Release|iPhoneSimulator
		Debug|iPhone = Debug|iPhone
		Release|iPhone = Release|iPhone
	EndGlobalSection
	GlobalSection(ProjectConfigurationPlatforms) = postSolution
		{8CE38590-9570-453A-8545-450FF9484847}.Debug|Any CPU.ActiveCfg = Debug|Any CPU
		{8CE38590-9570-453A-8545-450FF9484847}.Debug|Any CPU.Build.0 = Debug|Any CPU
		{8CE38590-9570-453A-8545-450FF9484847}.Release|Any CPU.ActiveCfg = Release|Any CPU
		{8CE38590-9570-453A-8545-450FF9484847}.Release|Any CPU.Build.0 = Release|Any CPU
		{8CE38590-9570-453A-8545-450FF9484847}.Debug|iPhoneSimulator.ActiveCfg = Debug|Any CPU
		{8CE38590-9570-453A-8545-450FF9484847}.Debug|iPhoneSimulator.Build.0 = Debug|Any CPU
		{8CE38590-9570-453A-8545-450FF9484847}.Release|iPhoneSimulator.ActiveCfg = Release|Any CPU
		{8CE38590-9570-453A-8545-450FF9484847}.Release|iPhoneSimulator.Build.0 = Release|Any CPU
		{8CE38590-9570-453A-8545-450FF9484847}.Debug|iPhone.ActiveCfg = Debug|Any CPU
		{8CE38590-9570-453A-8545-450FF9484847}.Debug|iPhone.Build.0 = Debug|Any CPU
		{8CE38590-9570-453A-8545-450FF9484847}.Release|iPhone.ActiveCfg = Release|Any CPU
		{8CE38590-9570-453A-8545-450FF9484847}.Release|iPhone.Build.0 = Release|Any CPU
		{F87CE2EF-79F2-4770-9D78-6003CF4990B3}.Debug|Any CPU.ActiveCfg = Debug|iPhoneSimulator
		{F87CE2EF-79F2-4770-9D78-6003CF4990B3}.Debug|Any CPU.Build.0 = Debug|iPhoneSimulator
		{F87CE2EF-79F2-4770-9D78-6003CF4990B3}.Release|Any CPU.ActiveCfg = Release|iPhoneSimulator
		{F87CE2EF-79F2-4770-9D78-6003CF4990B3}.Release|Any CPU.Build.0 = Release|iPhoneSimulator
		{F87CE2EF-79F2-4770-9D78-6003CF4990B3}.Debug|iPhoneSimulator.ActiveCfg = Debug|iPhoneSimulator
		{F87CE2EF-79F2-4770-9D78-6003CF4990B3}.Debug|iPhoneSimulator.Build.0 = Debug|iPhoneSimulator
		{F87CE2EF-79F2-4770-9D78-6003CF4990B3}.Release|iPhoneSimulator.ActiveCfg = Release|iPhoneSimulator
		{F87CE2EF-79F2-4770-9D78-6003CF4990B3}.Release|iPhoneSimulator.Build.0 = Release|iPhoneSimulator
		{F87CE2EF-79F2-4770-9D78-6003CF4990B3}.Debug|iPhone.ActiveCfg = Debug|iPhone
		{F87CE2EF-79F2-4770-9D78-6003CF4990B3}.Debug|iPhone.Build.0 = Debug|iPhone
		{F87CE2EF-79F2-4770-9D78-6003CF4990B3}.Release|iPhone.ActiveCfg = Release|iPhone
		{F87CE2EF-79F2-4770-9D78-6003CF4990B3}.Release|iPhone.Build.0 = Release|iPhone
		{76E47F7E-7A33-48CB-8BCC-E337D0A96487}.Debug|Any CPU.ActiveCfg = Debug|Any CPU
		{76E47F7E-7A33-48CB-8BCC-E337D0A96487}.Debug|Any CPU.Build.0 = Debug|Any CPU
		{76E47F7E-7A33-48CB-8BCC-E337D0A96487}.Release|Any CPU.ActiveCfg = Release|Any CPU
		{76E47F7E-7A33-48CB-8BCC-E337D0A96487}.Release|Any CPU.Build.0 = Release|Any CPU
		{76E47F7E-7A33-48CB-8BCC-E337D0A96487}.Debug|iPhoneSimulator.ActiveCfg = Debug|Any CPU
		{76E47F7E-7A33-48CB-8BCC-E337D0A96487}.Debug|iPhoneSimulator.Build.0 = Debug|Any CPU
		{76E47F7E-7A33-48CB-8BCC-E337D0A96487}.Release|iPhoneSimulator.ActiveCfg = Release|Any CPU
		{76E47F7E-7A33-48CB-8BCC-E337D0A96487}.Release|iPhoneSimulator.Build.0 = Release|Any CPU
		{76E47F7E-7A33-48CB-8BCC-E337D0A96487}.Debug|iPhone.ActiveCfg = Debug|Any CPU
		{76E47F7E-7A33-48CB-8BCC-E337D0A96487}.Debug|iPhone.Build.0 = Debug|Any CPU
		{76E47F7E-7A33-48CB-8BCC-E337D0A96487}.Release|iPhone.ActiveCfg = Release|Any CPU
		{76E47F7E-7A33-48CB-8BCC-E337D0A96487}.Release|iPhone.Build.0 = Release|Any CPU
	EndGlobalSection
EndGlobal
